
Microsoft Visual Studio Solution File, Format Version 12.00
# Visual Studio 15
VisualStudioVersion = 15.0.26730.10
MinimumVisualStudioVersion = 10.0.40219.1
Project("{FAE04EC0-301F-11D3-BF4B-00C04F79EFBC}") = "Captcha", "Captcha\Captcha.csproj", "{2C9E55D4-2789-4E9A-A74D-56DC524179FD}"
EndProject
Global
	GlobalSection(SolutionConfigurationPlatforms) = preSolution
		Debug|Any CPU = Debug|Any CPU
		Release|Any CPU = Release|Any CPU
	EndGlobalSection
	GlobalSection(ProjectConfigurationPlatforms) = postSolution
		{2C9E55D4-2789-4E9A-A74D-56DC524179FD}.Debug|Any CPU.ActiveCfg = Debug|Any CPU
		{2C9E55D4-2789-4E9A-A74D-56DC524179FD}.Debug|Any CPU.Build.0 = Debug|Any CPU
		{2C9E55D4-2789-4E9A-A74D-56DC524179FD}.Release|Any CPU.ActiveCfg = Release|Any CPU
		{2C9E55D4-2789-4E9A-A74D-56DC524179FD}.Release|Any CPU.Build.0 = Release|Any CPU
	EndGlobalSection
	GlobalSection(SolutionProperties) = preSolution
		HideSolutionNode = FALSE
	EndGlobalSection
	GlobalSection(ExtensibilityGlobals) = postSolution
		SolutionGuid = {ECE0BE5D-70E5-42C4-81E3-C4CC5CE7E374}
	EndGlobalSection
EndGlobal
